
Microsoft Visual Studio Solution File, Format Version 12.00
# Visual Studio Version 16
VisualStudioVersion = 16.0.30413.136
MinimumVisualStudioVersion = 10.0.40219.1
Project("{FAE04EC0-301F-11D3-BF4B-00C04F79EFBC}") = "Toks1", "Toks1.csproj", "{9296EAAC-486D-4B93-AFEA-DEFDDEA11E7C}"
EndProject
Global
	GlobalSection(SolutionConfigurationPlatforms) = preSolution
		Debug|Any CPU = Debug|Any CPU
		Release|Any CPU = Release|Any CPU
	EndGlobalSection
	GlobalSection(ProjectConfigurationPlatforms) = postSolution
		{9296EAAC-486D-4B93-AFEA-DEFDDEA11E7C}.Debug|Any CPU.ActiveCfg = Debug|Any CPU
		{9296EAAC-486D-4B93-AFEA-DEFDDEA11E7C}.Debug|Any CPU.Build.0 = Debug|Any CPU
		{9296EAAC-486D-4B93-AFEA-DEFDDEA11E7C}.Release|Any CPU.ActiveCfg = Release|Any CPU
		{9296EAAC-486D-4B93-AFEA-DEFDDEA11E7C}.Release|Any CPU.Build.0 = Release|Any CPU
	EndGlobalSection
	GlobalSection(SolutionProperties) = preSolution
		HideSolutionNode = FALSE
	EndGlobalSection
	GlobalSection(ExtensibilityGlobals) = postSolution
		SolutionGuid = {305F0AF0-7B69-4439-9DA3-4790D2337E11}
	EndGlobalSection
EndGlobal
